
Microsoft Visual Studio Solution File, Format Version 12.00
# Visual Studio 2013
VisualStudioVersion = 12.0.31101.0
MinimumVisualStudioVersion = 10.0.40219.1
Project("{FAE04EC0-301F-11D3-BF4B-00C04F79EFBC}") = "XamarinPresentation1", "XamarinPresentation1\XamarinPresentation1\XamarinPresentation1.csproj", "{9EF0FF9C-2FB9-4D49-BB78-2863CE838778}"
EndProject
Project("{FAE04EC0-301F-11D3-BF4B-00C04F79EFBC}") = "XamarinPresentation1.iOS", "XamarinPresentation1\XamarinPresentation1.iOS\XamarinPresentation1.iOS.csproj", "{2D47D430-6465-4DD7-B01E-70BF7708AF4D}"
EndProject
Project("{FAE04EC0-301F-11D3-BF4B-00C04F79EFBC}") = "XamarinPresentation1.Android", "XamarinPresentation1\XamarinPresentation1.Android\XamarinPresentation1.Android.csproj", "{AC98DC74-33FA-4FB4-8F63-88B85FA6520D}"
EndProject
Project("{FAE04EC0-301F-11D3-BF4B-00C04F79EFBC}") = "XamarinPresentation1.WinPhone", "XamarinPresentation1\XamarinPresentation1.WinPhone\XamarinPresentation1.WinPhone.csproj", "{80DC5FDC-FE23-4F29-A576-628A4955CD17}"
EndProject
Global
	GlobalSection(SolutionConfigurationPlatforms) = preSolution
		Ad-Hoc|Any CPU = Ad-Hoc|Any CPU
		Ad-Hoc|ARM = Ad-Hoc|ARM
		Ad-Hoc|iPhone = Ad-Hoc|iPhone
		Ad-Hoc|iPhoneSimulator = Ad-Hoc|iPhoneSimulator
		Ad-Hoc|Mixed Platforms = Ad-Hoc|Mixed Platforms
		Ad-Hoc|x86 = Ad-Hoc|x86
		AppStore|Any CPU = AppStore|Any CPU
		AppStore|ARM = AppStore|ARM
		AppStore|iPhone = AppStore|iPhone
		AppStore|iPhoneSimulator = AppStore|iPhoneSimulator
		AppStore|Mixed Platforms = AppStore|Mixed Platforms
		AppStore|x86 = AppStore|x86
		Debug|Any CPU = Debug|Any CPU
		Debug|ARM = Debug|ARM
		Debug|iPhone = Debug|iPhone
		Debug|iPhoneSimulator = Debug|iPhoneSimulator
		Debug|Mixed Platforms = Debug|Mixed Platforms
		Debug|x86 = Debug|x86
		Release|Any CPU = Release|Any CPU
		Release|ARM = Release|ARM
		Release|iPhone = Release|iPhone
		Release|iPhoneSimulator = Release|iPhoneSimulator
		Release|Mixed Platforms = Release|Mixed Platforms
		Release|x86 = Release|x86
	EndGlobalSection
	GlobalSection(ProjectConfigurationPlatforms) = postSolution
		{9EF0FF9C-2FB9-4D49-BB78-2863CE838778}.Ad-Hoc|Any CPU.ActiveCfg = Release|Any CPU
		{9EF0FF9C-2FB9-4D49-BB78-2863CE838778}.Ad-Hoc|Any CPU.Build.0 = Release|Any CPU
		{9EF0FF9C-2FB9-4D49-BB78-2863CE838778}.Ad-Hoc|ARM.ActiveCfg = Release|Any CPU
		{9EF0FF9C-2FB9-4D49-BB78-2863CE838778}.Ad-Hoc|iPhone.ActiveCfg = Release|Any CPU
		{9EF0FF9C-2FB9-4D49-BB78-2863CE838778}.Ad-Hoc|iPhoneSimulator.ActiveCfg = Release|Any CPU
		{9EF0FF9C-2FB9-4D49-BB78-2863CE838778}.Ad-Hoc|Mixed Platforms.ActiveCfg = Release|Any CPU
		{9EF0FF9C-2FB9-4D49-BB78-2863CE838778}.Ad-Hoc|Mixed Platforms.Build.0 = Release|Any CPU
		{9EF0FF9C-2FB9-4D49-BB78-2863CE838778}.Ad-Hoc|x86.ActiveCfg = Release|Any CPU
		{9EF0FF9C-2FB9-4D49-BB78-2863CE838778}.AppStore|Any CPU.ActiveCfg = Release|Any CPU
		{9EF0FF9C-2FB9-4D49-BB78-2863CE838778}.AppStore|Any CPU.Build.0 = Release|Any CPU
		{9EF0FF9C-2FB9-4D49-BB78-2863CE838778}.AppStore|ARM.ActiveCfg = Release|Any CPU
		{9EF0FF9C-2FB9-4D49-BB78-2863CE838778}.AppStore|iPhone.ActiveCfg = Release|Any CPU
		{9EF0FF9C-2FB9-4D49-BB78-2863CE838778}.AppStore|iPhoneSimulator.ActiveCfg = Release|Any CPU
		{9EF0FF9C-2FB9-4D49-BB78-2863CE838778}.AppStore|Mixed Platforms.ActiveCfg = Release|Any CPU
		{9EF0FF9C-2FB9-4D49-BB78-2863CE838778}.AppStore|Mixed Platforms.Build.0 = Release|Any CPU
		{9EF0FF9C-2FB9-4D49-BB78-2863CE838778}.AppStore|x86.ActiveCfg = Release|Any CPU
		{9EF0FF9C-2FB9-4D49-BB78-2863CE838778}.Debug|Any CPU.ActiveCfg = Debug|Any CPU
		{9EF0FF9C-2FB9-4D49-BB78-2863CE838778}.Debug|Any CPU.Build.0 = Debug|Any CPU
		{9EF0FF9C-2FB9-4D49-BB78-2863CE838778}.Debug|ARM.ActiveCfg = Debug|Any CPU
		{9EF0FF9C-2FB9-4D49-BB78-2863CE838778}.Debug|iPhone.ActiveCfg = Debug|Any CPU
		{9EF0FF9C-2FB9-4D49-BB78-2863CE838778}.Debug|iPhoneSimulator.ActiveCfg = Debug|Any CPU
		{9EF0FF9C-2FB9-4D49-BB78-2863CE838778}.Debug|iPhoneSimulator.Build.0 = Debug|Any CPU
		{9EF0FF9C-2FB9-4D49-BB78-2863CE838778}.Debug|Mixed Platforms.ActiveCfg = Debug|Any CPU
		{9EF0FF9C-2FB9-4D49-BB78-2863CE838778}.Debug|Mixed Platforms.Build.0 = Debug|Any CPU
		{9EF0FF9C-2FB9-4D49-BB78-2863CE838778}.Debug|x86.ActiveCfg = Debug|Any CPU
		{9EF0FF9C-2FB9-4D49-BB78-2863CE838778}.Release|Any CPU.ActiveCfg = Release|Any CPU
		{9EF0FF9C-2FB9-4D49-BB78-2863CE838778}.Release|Any CPU.Build.0 = Release|Any CPU
		{9EF0FF9C-2FB9-4D49-BB78-2863CE838778}.Release|ARM.ActiveCfg = Release|Any CPU
		{9EF0FF9C-2FB9-4D49-BB78-2863CE838778}.Release|iPhone.ActiveCfg = Release|Any CPU
		{9EF0FF9C-2FB9-4D49-BB78-2863CE838778}.Release|iPhoneSimulator.ActiveCfg = Release|Any CPU
		{9EF0FF9C-2FB9-4D49-BB78-2863CE838778}.Release|Mixed Platforms.ActiveCfg = Release|Any CPU
		{9EF0FF9C-2FB9-4D49-BB78-2863CE838778}.Release|Mixed Platforms.Build.0 = Release|Any CPU
		{9EF0FF9C-2FB9-4D49-BB78-2863CE838778}.Release|x86.ActiveCfg = Release|Any CPU
		{2D47D430-6465-4DD7-B01E-70BF7708AF4D}.Ad-Hoc|Any CPU.ActiveCfg = Ad-Hoc|iPhone
		{2D47D430-6465-4DD7-B01E-70BF7708AF4D}.Ad-Hoc|ARM.ActiveCfg = Ad-Hoc|iPhone
		{2D47D430-6465-4DD7-B01E-70BF7708AF4D}.Ad-Hoc|iPhone.ActiveCfg = Ad-Hoc|iPhone
		{2D47D430-6465-4DD7-B01E-70BF7708AF4D}.Ad-Hoc|iPhone.Build.0 = Ad-Hoc|iPhone
		{2D47D430-6465-4DD7-B01E-70BF7708AF4D}.Ad-Hoc|iPhoneSimulator.ActiveCfg = Ad-Hoc|iPhoneSimulator
		{2D47D430-6465-4DD7-B01E-70BF7708AF4D}.Ad-Hoc|iPhoneSimulator.Build.0 = Ad-Hoc|iPhoneSimulator
		{2D47D430-6465-4DD7-B01E-70BF7708AF4D}.Ad-Hoc|Mixed Platforms.ActiveCfg = Ad-Hoc|iPhone
		{2D47D430-6465-4DD7-B01E-70BF7708AF4D}.Ad-Hoc|Mixed Platforms.Build.0 = Ad-Hoc|iPhone
		{2D47D430-6465-4DD7-B01E-70BF7708AF4D}.Ad-Hoc|x86.ActiveCfg = Ad-Hoc|iPhone
		{2D47D430-6465-4DD7-B01E-70BF7708AF4D}.AppStore|Any CPU.ActiveCfg = AppStore|iPhone
		{2D47D430-6465-4DD7-B01E-70BF7708AF4D}.AppStore|ARM.ActiveCfg = AppStore|iPhone
		{2D47D430-6465-4DD7-B01E-70BF7708AF4D}.AppStore|iPhone.ActiveCfg = AppStore|iPhone
		{2D47D430-6465-4DD7-B01E-70BF7708AF4D}.AppStore|iPhone.Build.0 = AppStore|iPhone
		{2D47D430-6465-4DD7-B01E-70BF7708AF4D}.AppStore|iPhoneSimulator.ActiveCfg = AppStore|iPhoneSimulator
		{2D47D430-6465-4DD7-B01E-70BF7708AF4D}.AppStore|iPhoneSimulator.Build.0 = AppStore|iPhoneSimulator
		{2D47D430-6465-4DD7-B01E-70BF7708AF4D}.AppStore|Mixed Platforms.ActiveCfg = AppStore|iPhone
		{2D47D430-6465-4DD7-B01E-70BF7708AF4D}.AppStore|Mixed Platforms.Build.0 = AppStore|iPhone
		{2D47D430-6465-4DD7-B01E-70BF7708AF4D}.AppStore|x86.ActiveCfg = AppStore|iPhone
		{2D47D430-6465-4DD7-B01E-70BF7708AF4D}.Debug|Any CPU.ActiveCfg = Debug|iPhone
		{2D47D430-6465-4DD7-B01E-70BF7708AF4D}.Debug|ARM.ActiveCfg = Debug|iPhone
		{2D47D430-6465-4DD7-B01E-70BF7708AF4D}.Debug|iPhone.ActiveCfg = Debug|iPhone
		{2D47D430-6465-4DD7-B01E-70BF7708AF4D}.Debug|iPhone.Build.0 = Debug|iPhone
		{2D47D430-6465-4DD7-B01E-70BF7708AF4D}.Debug|iPhoneSimulator.ActiveCfg = Debug|iPhoneSimulator
		{2D47D430-6465-4DD7-B01E-70BF7708AF4D}.Debug|iPhoneSimulator.Build.0 = Debug|iPhoneSimulator
		{2D47D430-6465-4DD7-B01E-70BF7708AF4D}.Debug|Mixed Platforms.ActiveCfg = Debug|iPhone
		{2D47D430-6465-4DD7-B01E-70BF7708AF4D}.Debug|Mixed Platforms.Build.0 = Debug|iPhone
		{2D47D430-6465-4DD7-B01E-70BF7708AF4D}.Debug|x86.ActiveCfg = Debug|iPhone
		{2D47D430-6465-4DD7-B01E-70BF7708AF4D}.Release|Any CPU.ActiveCfg = Release|iPhone
		{2D47D430-6465-4DD7-B01E-70BF7708AF4D}.Release|ARM.ActiveCfg = Release|iPhone
		{2D47D430-6465-4DD7-B01E-70BF7708AF4D}.Release|iPhone.ActiveCfg = Release|iPhone
		{2D47D430-6465-4DD7-B01E-70BF7708AF4D}.Release|iPhone.Build.0 = Release|iPhone
		{2D47D430-6465-4DD7-B01E-70BF7708AF4D}.Release|iPhoneSimulator.ActiveCfg = Release|iPhoneSimulator
		{2D47D430-6465-4DD7-B01E-70BF7708AF4D}.Release|iPhoneSimulator.Build.0 = Release|iPhoneSimulator
		{2D47D430-6465-4DD7-B01E-70BF7708AF4D}.Release|Mixed Platforms.ActiveCfg = Release|iPhone
		{2D47D430-6465-4DD7-B01E-70BF7708AF4D}.Release|Mixed Platforms.Build.0 = Release|iPhone
		{2D47D430-6465-4DD7-B01E-70BF7708AF4D}.Release|x86.ActiveCfg = Release|iPhone
		{AC98DC74-33FA-4FB4-8F63-88B85FA6520D}.Ad-Hoc|Any CPU.ActiveCfg = Release|Any CPU
		{AC98DC74-33FA-4FB4-8F63-88B85FA6520D}.Ad-Hoc|Any CPU.Build.0 = Release|Any CPU
		{AC98DC74-33FA-4FB4-8F63-88B85FA6520D}.Ad-Hoc|Any CPU.Deploy.0 = Release|Any CPU
		{AC98DC74-33FA-4FB4-8F63-88B85FA6520D}.Ad-Hoc|ARM.ActiveCfg = Release|Any CPU
		{AC98DC74-33FA-4FB4-8F63-88B85FA6520D}.Ad-Hoc|iPhone.ActiveCfg = Release|Any CPU
		{AC98DC74-33FA-4FB4-8F63-88B85FA6520D}.Ad-Hoc|iPhoneSimulator.ActiveCfg = Release|Any CPU
		{AC98DC74-33FA-4FB4-8F63-88B85FA6520D}.Ad-Hoc|Mixed Platforms.ActiveCfg = Release|Any CPU
		{AC98DC74-33FA-4FB4-8F63-88B85FA6520D}.Ad-Hoc|Mixed Platforms.Build.0 = Release|Any CPU
		{AC98DC74-33FA-4FB4-8F63-88B85FA6520D}.Ad-Hoc|Mixed Platforms.Deploy.0 = Release|Any CPU
		{AC98DC74-33FA-4FB4-8F63-88B85FA6520D}.Ad-Hoc|x86.ActiveCfg = Release|Any CPU
		{AC98DC74-33FA-4FB4-8F63-88B85FA6520D}.AppStore|Any CPU.ActiveCfg = Release|Any CPU
		{AC98DC74-33FA-4FB4-8F63-88B85FA6520D}.AppStore|Any CPU.Build.0 = Release|Any CPU
		{AC98DC74-33FA-4FB4-8F63-88B85FA6520D}.AppStore|Any CPU.Deploy.0 = Release|Any CPU
		{AC98DC74-33FA-4FB4-8F63-88B85FA6520D}.AppStore|ARM.ActiveCfg = Release|Any CPU
		{AC98DC74-33FA-4FB4-8F63-88B85FA6520D}.AppStore|iPhone.ActiveCfg = Release|Any CPU
		{AC98DC74-33FA-4FB4-8F63-88B85FA6520D}.AppStore|iPhoneSimulator.ActiveCfg = Release|Any CPU
		{AC98DC74-33FA-4FB4-8F63-88B85FA6520D}.AppStore|Mixed Platforms.ActiveCfg = Release|Any CPU
		{AC98DC74-33FA-4FB4-8F63-88B85FA6520D}.AppStore|Mixed Platforms.Build.0 = Release|Any CPU
		{AC98DC74-33FA-4FB4-8F63-88B85FA6520D}.AppStore|Mixed Platforms.Deploy.0 = Release|Any CPU
		{AC98DC74-33FA-4FB4-8F63-88B85FA6520D}.AppStore|x86.ActiveCfg = Release|Any CPU
		{AC98DC74-33FA-4FB4-8F63-88B85FA6520D}.Debug|Any CPU.ActiveCfg = Debug|Any CPU
		{AC98DC74-33FA-4FB4-8F63-88B85FA6520D}.Debug|Any CPU.Build.0 = Debug|Any CPU
		{AC98DC74-33FA-4FB4-8F63-88B85FA6520D}.Debug|Any CPU.Deploy.0 = Debug|Any CPU
		{AC98DC74-33FA-4FB4-8F63-88B85FA6520D}.Debug|ARM.ActiveCfg = Debug|Any CPU
		{AC98DC74-33FA-4FB4-8F63-88B85FA6520D}.Debug|iPhone.ActiveCfg = Debug|Any CPU
		{AC98DC74-33FA-4FB4-8F63-88B85FA6520D}.Debug|iPhoneSimulator.ActiveCfg = Debug|Any CPU
		{AC98DC74-33FA-4FB4-8F63-88B85FA6520D}.Debug|Mixed Platforms.ActiveCfg = Debug|Any CPU
		{AC98DC74-33FA-4FB4-8F63-88B85FA6520D}.Debug|Mixed Platforms.Build.0 = Debug|Any CPU
		{AC98DC74-33FA-4FB4-8F63-88B85FA6520D}.Debug|Mixed Platforms.Deploy.0 = Debug|Any CPU
		{AC98DC74-33FA-4FB4-8F63-88B85FA6520D}.Debug|x86.ActiveCfg = Debug|Any CPU
		{AC98DC74-33FA-4FB4-8F63-88B85FA6520D}.Release|Any CPU.ActiveCfg = Release|Any CPU
		{AC98DC74-33FA-4FB4-8F63-88B85FA6520D}.Release|Any CPU.Build.0 = Release|Any CPU
		{AC98DC74-33FA-4FB4-8F63-88B85FA6520D}.Release|Any CPU.Deploy.0 = Release|Any CPU
		{AC98DC74-33FA-4FB4-8F63-88B85FA6520D}.Release|ARM.ActiveCfg = Release|Any CPU
		{AC98DC74-33FA-4FB4-8F63-88B85FA6520D}.Release|iPhone.ActiveCfg = Release|Any CPU
		{AC98DC74-33FA-4FB4-8F63-88B85FA6520D}.Release|iPhoneSimulator.ActiveCfg = Release|Any CPU
		{AC98DC74-33FA-4FB4-8F63-88B85FA6520D}.Release|Mixed Platforms.ActiveCfg = Release|Any CPU
		{AC98DC74-33FA-4FB4-8F63-88B85FA6520D}.Release|Mixed Platforms.Build.0 = Release|Any CPU
		{AC98DC74-33FA-4FB4-8F63-88B85FA6520D}.Release|Mixed Platforms.Deploy.0 = Release|Any CPU
		{AC98DC74-33FA-4FB4-8F63-88B85FA6520D}.Release|x86.ActiveCfg = Release|Any CPU
		{80DC5FDC-FE23-4F29-A576-628A4955CD17}.Ad-Hoc|Any CPU.ActiveCfg = Release|Any CPU
		{80DC5FDC-FE23-4F29-A576-628A4955CD17}.Ad-Hoc|Any CPU.Build.0 = Release|Any CPU
		{80DC5FDC-FE23-4F29-A576-628A4955CD17}.Ad-Hoc|Any CPU.Deploy.0 = Release|Any CPU
		{80DC5FDC-FE23-4F29-A576-628A4955CD17}.Ad-Hoc|ARM.ActiveCfg = Release|ARM
		{80DC5FDC-FE23-4F29-A576-628A4955CD17}.Ad-Hoc|ARM.Build.0 = Release|ARM
		{80DC5FDC-FE23-4F29-A576-628A4955CD17}.Ad-Hoc|ARM.Deploy.0 = Release|ARM
		{80DC5FDC-FE23-4F29-A576-628A4955CD17}.Ad-Hoc|iPhone.ActiveCfg = Release|Any CPU
		{80DC5FDC-FE23-4F29-A576-628A4955CD17}.Ad-Hoc|iPhoneSimulator.ActiveCfg = Release|Any CPU
		{80DC5FDC-FE23-4F29-A576-628A4955CD17}.Ad-Hoc|Mixed Platforms.ActiveCfg = Release|x86
		{80DC5FDC-FE23-4F29-A576-628A4955CD17}.Ad-Hoc|Mixed Platforms.Build.0 = Release|x86
		{80DC5FDC-FE23-4F29-A576-628A4955CD17}.Ad-Hoc|Mixed Platforms.Deploy.0 = Release|x86
		{80DC5FDC-FE23-4F29-A576-628A4955CD17}.Ad-Hoc|x86.ActiveCfg = Release|x86
		{80DC5FDC-FE23-4F29-A576-628A4955CD17}.Ad-Hoc|x86.Build.0 = Release|x86
		{80DC5FDC-FE23-4F29-A576-628A4955CD17}.Ad-Hoc|x86.Deploy.0 = Release|x86
		{80DC5FDC-FE23-4F29-A576-628A4955CD17}.AppStore|Any CPU.ActiveCfg = Release|Any CPU
		{80DC5FDC-FE23-4F29-A576-628A4955CD17}.AppStore|Any CPU.Build.0 = Release|Any CPU
		{80DC5FDC-FE23-4F29-A576-628A4955CD17}.AppStore|Any CPU.Deploy.0 = Release|Any CPU
		{80DC5FDC-FE23-4F29-A576-628A4955CD17}.AppStore|ARM.ActiveCfg = Release|ARM
		{80DC5FDC-FE23-4F29-A576-628A4955CD17}.AppStore|ARM.Build.0 = Release|ARM
		{80DC5FDC-FE23-4F29-A576-628A4955CD17}.AppStore|ARM.Deploy.0 = Release|ARM
		{80DC5FDC-FE23-4F29-A576-628A4955CD17}.AppStore|iPhone.ActiveCfg = Release|Any CPU
		{80DC5FDC-FE23-4F29-A576-628A4955CD17}.AppStore|iPhoneSimulator.ActiveCfg = Release|Any CPU
		{80DC5FDC-FE23-4F29-A576-628A4955CD17}.AppStore|Mixed Platforms.ActiveCfg = Release|x86
		{80DC5FDC-FE23-4F29-A576-628A4955CD17}.AppStore|Mixed Platforms.Build.0 = Release|x86
		{80DC5FDC-FE23-4F29-A576-628A4955CD17}.AppStore|Mixed Platforms.Deploy.0 = Release|x86
		{80DC5FDC-FE23-4F29-A576-628A4955CD17}.AppStore|x86.ActiveCfg = Release|x86
		{80DC5FDC-FE23-4F29-A576-628A4955CD17}.AppStore|x86.Build.0 = Release|x86
		{80DC5FDC-FE23-4F29-A576-628A4955CD17}.AppStore|x86.Deploy.0 = Release|x86
		{80DC5FDC-FE23-4F29-A576-628A4955CD17}.Debug|Any CPU.ActiveCfg = Debug|Any CPU
		{80DC5FDC-FE23-4F29-A576-628A4955CD17}.Debug|Any CPU.Build.0 = Debug|Any CPU
		{80DC5FDC-FE23-4F29-A576-628A4955CD17}.Debug|Any CPU.Deploy.0 = Debug|Any CPU
		{80DC5FDC-FE23-4F29-A576-628A4955CD17}.Debug|ARM.ActiveCfg = Debug|ARM
		{80DC5FDC-FE23-4F29-A576-628A4955CD17}.Debug|ARM.Build.0 = Debug|ARM
		{80DC5FDC-FE23-4F29-A576-628A4955CD17}.Debug|ARM.Deploy.0 = Debug|ARM
		{80DC5FDC-FE23-4F29-A576-628A4955CD17}.Debug|iPhone.ActiveCfg = Debug|Any CPU
		{80DC5FDC-FE23-4F29-A576-628A4955CD17}.Debug|iPhoneSimulator.ActiveCfg = Debug|Any CPU
		{80DC5FDC-FE23-4F29-A576-628A4955CD17}.Debug|Mixed Platforms.ActiveCfg = Debug|x86
		{80DC5FDC-FE23-4F29-A576-628A4955CD17}.Debug|Mixed Platforms.Build.0 = Debug|x86
		{80DC5FDC-FE23-4F29-A576-628A4955CD17}.Debug|Mixed Platforms.Deploy.0 = Debug|x86
		{80DC5FDC-FE23-4F29-A576-628A4955CD17}.Debug|x86.ActiveCfg = Debug|x86
		{80DC5FDC-FE23-4F29-A576-628A4955CD17}.Debug|x86.Build.0 = Debug|x86
		{80DC5FDC-FE23-4F29-A576-628A4955CD17}.Debug|x86.Deploy.0 = Debug|x86
		{80DC5FDC-FE23-4F29-A576-628A4955CD17}.Release|Any CPU.ActiveCfg = Release|Any CPU
		{80DC5FDC-FE23-4F29-A576-628A4955CD17}.Release|Any CPU.Build.0 = Release|Any CPU
		{80DC5FDC-FE23-4F29-A576-628A4955CD17}.Release|Any CPU.Deploy.0 = Release|Any CPU
		{80DC5FDC-FE23-4F29-A576-628A4955CD17}.Release|ARM.ActiveCfg = Release|ARM
		{80DC5FDC-FE23-4F29-A576-628A4955CD17}.Release|ARM.Build.0 = Release|ARM
		{80DC5FDC-FE23-4F29-A576-628A4955CD17}.Release|ARM.Deploy.0 = Release|ARM
		{80DC5FDC-FE23-4F29-A576-628A4955CD17}.Release|iPhone.ActiveCfg = Release|Any CPU
		{80DC5FDC-FE23-4F29-A576-628A4955CD17}.Release|iPhoneSimulator.ActiveCfg = Release|Any CPU
		{80DC5FDC-FE23-4F29-A576-628A4955CD17}.Release|Mixed Platforms.ActiveCfg = Release|x86
		{80DC5FDC-FE23-4F29-A576-628A4955CD17}.Release|Mixed Platforms.Build.0 = Release|x86
		{80DC5FDC-FE23-4F29-A576-628A4955CD17}.Release|Mixed Platforms.Deploy.0 = Release|x86
		{80DC5FDC-FE23-4F29-A576-628A4955CD17}.Release|x86.ActiveCfg = Release|x86
		{80DC5FDC-FE23-4F29-A576-628A4955CD17}.Release|x86.Build.0 = Release|x86
		{80DC5FDC-FE23-4F29-A576-628A4955CD17}.Release|x86.Deploy.0 = Release|x86
	EndGlobalSection
	GlobalSection(SolutionProperties) = preSolution
		HideSolutionNode = FALSE
	EndGlobalSection
EndGlobal
